
Microsoft Visual Studio Solution File, Format Version 12.00
# Visual Studio Version 17
VisualStudioVersion = 17.6.33829.357
MinimumVisualStudioVersion = 10.0.40219.1
Project("{FAE04EC0-301F-11D3-BF4B-00C04F79EFBC}") = "MovieRating-App", "MovieRating-App\MovieRating-App.csproj", "{D313A5DA-9EEF-49C4-BAFD-1EFAD98351D6}"
EndProject
Global
	GlobalSection(SolutionConfigurationPlatforms) = preSolution
		Debug|Any CPU = Debug|Any CPU
		Release|Any CPU = Release|Any CPU
	EndGlobalSection
	GlobalSection(ProjectConfigurationPlatforms) = postSolution
		{D313A5DA-9EEF-49C4-BAFD-1EFAD98351D6}.Debug|Any CPU.ActiveCfg = Debug|Any CPU
		{D313A5DA-9EEF-49C4-BAFD-1EFAD98351D6}.Debug|Any CPU.Build.0 = Debug|Any CPU
		{D313A5DA-9EEF-49C4-BAFD-1EFAD98351D6}.Release|Any CPU.ActiveCfg = Release|Any CPU
		{D313A5DA-9EEF-49C4-BAFD-1EFAD98351D6}.Release|Any CPU.Build.0 = Release|Any CPU
	EndGlobalSection
	GlobalSection(SolutionProperties) = preSolution
		HideSolutionNode = FALSE
	EndGlobalSection
	GlobalSection(ExtensibilityGlobals) = postSolution
		SolutionGuid = {E46B2030-5C66-4EC5-9D9D-E8BCCFD6BF9F}
	EndGlobalSection
EndGlobal
